// !$*UTF8*$!
{
	archiveVersion = 1;
	classes = {
	};
	objectVersion = 56;
	objects = {

/* Begin PBXBuildFile section */
		100000000000000000000001 /* CodexBarMacApp.swift in Sources */ = {isa = PBXBuildFile; fileRef = 200000000000000000000001 /* CodexBarMacApp.swift */; };
		100000000000000000000002 /* PopoverView.swift in Sources */ = {isa = PBXBuildFile; fileRef = 200000000000000000000002 /* PopoverView.swift */; };
		100000000000000000000003 /* Assets.xcassets in Resources */ = {isa = PBXBuildFile; fileRef = 200000000000000000000003 /* Assets.xcassets */; };
		100000000000000000000004 /* ProviderID.swift in Sources */ = {isa = PBXBuildFile; fileRef = 200000000000000000000006 /* ProviderID.swift */; };
		100000000000000000000005 /* UsageSeverity.swift in Sources */ = {isa = PBXBuildFile; fileRef = 200000000000000000000007 /* UsageSeverity.swift */; };
		100000000000000000000006 /* UsageBar.swift in Sources */ = {isa = PBXBuildFile; fileRef = 200000000000000000000008 /* UsageBar.swift */; };
		100000000000000000000007 /* ProviderUsageResult.swift in Sources */ = {isa = PBXBuildFile; fileRef = 200000000000000000000009 /* ProviderUsageResult.swift */; };
		100000000000000000000008 /* ProviderAccountConfiguration.swift in Sources */ = {isa = PBXBuildFile; fileRef = 20000000000000000000000A /* ProviderAccountConfiguration.swift */; };
		100000000000000000000009 /* AutoRefreshInterval.swift in Sources */ = {isa = PBXBuildFile; fileRef = 20000000000000000000000B /* AutoRefreshInterval.swift */; };
		10000000000000000000000A /* AppAppearance.swift in Sources */ = {isa = PBXBuildFile; fileRef = 20000000000000000000000C /* AppAppearance.swift */; };
		10000000000000000000000B /* UserFacingDateTimeFormatter.swift in Sources */ = {isa = PBXBuildFile; fileRef = 20000000000000000000000D /* UserFacingDateTimeFormatter.swift */; };
		10000000000000000000000C /* UsageProvider.swift in Sources */ = {isa = PBXBuildFile; fileRef = 20000000000000000000000E /* UsageProvider.swift */; };
		10000000000000000000000D /* DemoUsageProvider.swift in Sources */ = {isa = PBXBuildFile; fileRef = 20000000000000000000000F /* DemoUsageProvider.swift */; };
		10000000000000000000000E /* UsageRefreshService.swift in Sources */ = {isa = PBXBuildFile; fileRef = 200000000000000000000010 /* UsageRefreshService.swift */; };
		10000000000000000000000F /* ProviderConfigurationStore.swift in Sources */ = {isa = PBXBuildFile; fileRef = 200000000000000000000011 /* ProviderConfigurationStore.swift */; };
		100000000000000000000010 /* SecretStore.swift in Sources */ = {isa = PBXBuildFile; fileRef = 200000000000000000000012 /* SecretStore.swift */; };
		100000000000000000000011 /* AppModel.swift in Sources */ = {isa = PBXBuildFile; fileRef = 200000000000000000000013 /* AppModel.swift */; };
		100000000000000000000012 /* MenuBarStatusLabel.swift in Sources */ = {isa = PBXBuildFile; fileRef = 200000000000000000000014 /* MenuBarStatusLabel.swift */; };
		100000000000000000000013 /* ProviderUsageCard.swift in Sources */ = {isa = PBXBuildFile; fileRef = 200000000000000000000015 /* ProviderUsageCard.swift */; };
		100000000000000000000015 /* MenuBarLabelContainer.swift in Sources */ = {isa = PBXBuildFile; fileRef = 200000000000000000000017 /* MenuBarLabelContainer.swift */; };
		100000000000000000000016 /* LaunchAtLoginManager.swift in Sources */ = {isa = PBXBuildFile; fileRef = 200000000000000000000018 /* LaunchAtLoginManager.swift */; };
		100000000000000000000017 /* SettingsView.swift in Sources */ = {isa = PBXBuildFile; fileRef = 200000000000000000000019 /* SettingsView.swift */; };
		100000000000000000000018 /* ProviderSettingsView.swift in Sources */ = {isa = PBXBuildFile; fileRef = 20000000000000000000001A /* ProviderSettingsView.swift */; };
		100000000000000000000019 /* KeychainService.swift in Sources */ = {isa = PBXBuildFile; fileRef = 20000000000000000000001B /* KeychainService.swift */; };
		10000000000000000000001A /* CodexCredentials.swift in Sources */ = {isa = PBXBuildFile; fileRef = 20000000000000000000001C /* CodexCredentials.swift */; };
		10000000000000000000001B /* CodexCredentialsParser.swift in Sources */ = {isa = PBXBuildFile; fileRef = 20000000000000000000001D /* CodexCredentialsParser.swift */; };
		10000000000000000000001C /* ClaudeCredentials.swift in Sources */ = {isa = PBXBuildFile; fileRef = 20000000000000000000001E /* ClaudeCredentials.swift */; };
		10000000000000000000001D /* ClaudeCredentialsParser.swift in Sources */ = {isa = PBXBuildFile; fileRef = 20000000000000000000001F /* ClaudeCredentialsParser.swift */; };
		10000000000000000000001E /* LocalCredentialDiscovery.swift in Sources */ = {isa = PBXBuildFile; fileRef = 200000000000000000000020 /* LocalCredentialDiscovery.swift */; };
		10000000000000000000001F /* CredentialReadiness.swift in Sources */ = {isa = PBXBuildFile; fileRef = 200000000000000000000021 /* CredentialReadiness.swift */; };
		100000000000000000000020 /* CodexAuthFileStore.swift in Sources */ = {isa = PBXBuildFile; fileRef = 200000000000000000000022 /* CodexAuthFileStore.swift */; };
		100000000000000000000021 /* CredentialRefreshCoordinator.swift in Sources */ = {isa = PBXBuildFile; fileRef = 200000000000000000000023 /* CredentialRefreshCoordinator.swift */; };
		100000000000000000000022 /* CodexTokenRefresh.swift in Sources */ = {isa = PBXBuildFile; fileRef = 200000000000000000000024 /* CodexTokenRefresh.swift */; };
		100000000000000000000023 /* CodexUsageParser.swift in Sources */ = {isa = PBXBuildFile; fileRef = 200000000000000000000025 /* CodexUsageParser.swift */; };
		100000000000000000000024 /* CodexUsageProvider.swift in Sources */ = {isa = PBXBuildFile; fileRef = 200000000000000000000026 /* CodexUsageProvider.swift */; };
		100000000000000000000027 /* ClaudeUsageParser.swift in Sources */ = {isa = PBXBuildFile; fileRef = 200000000000000000000029 /* ClaudeUsageParser.swift */; };
		100000000000000000000028 /* ClaudeUsageProvider.swift in Sources */ = {isa = PBXBuildFile; fileRef = 20000000000000000000002A /* ClaudeUsageProvider.swift */; };
		100000000000000000000029 /* ClaudeCredentialStore.swift in Sources */ = {isa = PBXBuildFile; fileRef = 20000000000000000000002B /* ClaudeCredentialStore.swift */; };
		10000000000000000000002A /* CopilotCredentials.swift in Sources */ = {isa = PBXBuildFile; fileRef = 20000000000000000000002C /* CopilotCredentials.swift */; };
		10000000000000000000002B /* CopilotCredentialsParser.swift in Sources */ = {isa = PBXBuildFile; fileRef = 20000000000000000000002D /* CopilotCredentialsParser.swift */; };
		10000000000000000000002C /* CopilotUsageParser.swift in Sources */ = {isa = PBXBuildFile; fileRef = 20000000000000000000002E /* CopilotUsageParser.swift */; };
		10000000000000000000002D /* CopilotUsageProvider.swift in Sources */ = {isa = PBXBuildFile; fileRef = 20000000000000000000002F /* CopilotUsageProvider.swift */; };
		10000000000000000000002E /* OpenRouterUsageProvider.swift in Sources */ = {isa = PBXBuildFile; fileRef = 200000000000000000000030 /* OpenRouterUsageProvider.swift */; };
		10000000000000000000002F /* CursorUsageProvider.swift in Sources */ = {isa = PBXBuildFile; fileRef = 200000000000000000000031 /* CursorUsageProvider.swift */; };
		100000000000000000000030 /* CursorWebAuthService.swift in Sources */ = {isa = PBXBuildFile; fileRef = 200000000000000000000032 /* CursorWebAuthService.swift */; };
		100000000000000000000031 /* CursorCredentialsParser.swift in Sources */ = {isa = PBXBuildFile; fileRef = 200000000000000000000033 /* CursorCredentialsParser.swift */; };
		100000000000000000000032 /* OpenCodeZenUsageProvider.swift in Sources */ = {isa = PBXBuildFile; fileRef = 200000000000000000000034 /* OpenCodeZenUsageProvider.swift */; };
		100000000000000000000033 /* OpenCodeZenBootstrapImporter.swift in Sources */ = {isa = PBXBuildFile; fileRef = 200000000000000000000035 /* OpenCodeZenBootstrapImporter.swift */; };
		100000000000000000000034 /* UsageAlertSettings.swift in Sources */ = {isa = PBXBuildFile; fileRef = 200000000000000000000036 /* UsageAlertSettings.swift */; };
		100000000000000000000035 /* UsageAlertEvaluator.swift in Sources */ = {isa = PBXBuildFile; fileRef = 200000000000000000000037 /* UsageAlertEvaluator.swift */; };
		100000000000000000000036 /* LocalUsageAlertNotifier.swift in Sources */ = {isa = PBXBuildFile; fileRef = 200000000000000000000038 /* LocalUsageAlertNotifier.swift */; };
		100000000000000000000037 /* GeminiCredentials.swift in Sources */ = {isa = PBXBuildFile; fileRef = 200000000000000000000039 /* GeminiCredentials.swift */; };
		100000000000000000000038 /* GeminiCredentialsParser.swift in Sources */ = {isa = PBXBuildFile; fileRef = 20000000000000000000003A /* GeminiCredentialsParser.swift */; };
		100000000000000000000039 /* GeminiAuthFileStore.swift in Sources */ = {isa = PBXBuildFile; fileRef = 20000000000000000000003B /* GeminiAuthFileStore.swift */; };
		10000000000000000000003A /* GeminiTokenRefresh.swift in Sources */ = {isa = PBXBuildFile; fileRef = 20000000000000000000003C /* GeminiTokenRefresh.swift */; };
		10000000000000000000003B /* GeminiUsageParser.swift in Sources */ = {isa = PBXBuildFile; fileRef = 20000000000000000000003D /* GeminiUsageParser.swift */; };
		10000000000000000000003C /* GeminiUsageProvider.swift in Sources */ = {isa = PBXBuildFile; fileRef = 20000000000000000000003E /* GeminiUsageProvider.swift */; };
		10000000000000000000003D /* GeminiCLISettings.swift in Sources */ = {isa = PBXBuildFile; fileRef = 20000000000000000000003F /* GeminiCLISettings.swift */; };
		10000000000000000000003E /* UsageHistoryStore.swift in Sources */ = {isa = PBXBuildFile; fileRef = 200000000000000000000040 /* UsageHistoryStore.swift */; };
		10000000000000000000003F /* MoonshotUsageProvider.swift in Sources */ = {isa = PBXBuildFile; fileRef = 200000000000000000000041 /* MoonshotUsageProvider.swift */; };
		100000000000000000000040 /* CredentialNormalizer.swift in Sources */ = {isa = PBXBuildFile; fileRef = 200000000000000000000042 /* CredentialNormalizer.swift */; };
		100000000000000000000041 /* ProviderWebAuthSupport.swift in Sources */ = {isa = PBXBuildFile; fileRef = 200000000000000000000043 /* ProviderWebAuthSupport.swift */; };
		100000000000000000000042 /* CodexWebAuthService.swift in Sources */ = {isa = PBXBuildFile; fileRef = 200000000000000000000044 /* CodexWebAuthService.swift */; };
		100000000000000000000043 /* ClaudeWebAuthService.swift in Sources */ = {isa = PBXBuildFile; fileRef = 200000000000000000000045 /* ClaudeWebAuthService.swift */; };
		100000000000000000000044 /* DashboardOrderingMode.swift in Sources */ = {isa = PBXBuildFile; fileRef = 200000000000000000000046 /* DashboardOrderingMode.swift */; };
		100000000000000000000045 /* DashboardUsageSorter.swift in Sources */ = {isa = PBXBuildFile; fileRef = 200000000000000000000047 /* DashboardUsageSorter.swift */; };
		100000000000000000000046 /* CopilotWebAuthService.swift in Sources */ = {isa = PBXBuildFile; fileRef = 200000000000000000000048 /* CopilotWebAuthService.swift */; };
		100000000000000000000025 /* CodexBarMacTests.swift in Sources */ = {isa = PBXBuildFile; fileRef = 200000000000000000000028 /* CodexBarMacTests.swift */; };
		100000000000000000000047 /* CheckForUpdatesButton.swift in Sources */ = {isa = PBXBuildFile; fileRef = 200000000000000000000049 /* CheckForUpdatesButton.swift */; };
		100000000000000000000048 /* Sparkle in Frameworks */ = {isa = PBXBuildFile; productRef = E00000000000000000000001 /* Sparkle */; };
/* End PBXBuildFile section */

/* Begin PBXFileReference section */
		200000000000000000000001 /* CodexBarMacApp.swift */ = {isa = PBXFileReference; lastKnownFileType = sourcecode.swift; path = CodexBarMacApp.swift; sourceTree = "<group>"; };
		200000000000000000000002 /* PopoverView.swift */ = {isa = PBXFileReference; lastKnownFileType = sourcecode.swift; path = PopoverView.swift; sourceTree = "<group>"; };
		200000000000000000000003 /* Assets.xcassets */ = {isa = PBXFileReference; lastKnownFileType = folder.assetcatalog; path = Assets.xcassets; sourceTree = "<group>"; };
		200000000000000000000004 /* Info.plist */ = {isa = PBXFileReference; lastKnownFileType = text.plist.xml; path = Info.plist; sourceTree = "<group>"; };
		200000000000000000000005 /* CodexBarMac.app */ = {isa = PBXFileReference; explicitFileType = wrapper.application; includeInIndex = 0; path = CodexBarMac.app; sourceTree = BUILT_PRODUCTS_DIR; };
		200000000000000000000006 /* ProviderID.swift */ = {isa = PBXFileReference; lastKnownFileType = sourcecode.swift; path = ProviderID.swift; sourceTree = "<group>"; };
		200000000000000000000007 /* UsageSeverity.swift */ = {isa = PBXFileReference; lastKnownFileType = sourcecode.swift; path = UsageSeverity.swift; sourceTree = "<group>"; };
		200000000000000000000008 /* UsageBar.swift */ = {isa = PBXFileReference; lastKnownFileType = sourcecode.swift; path = UsageBar.swift; sourceTree = "<group>"; };
		200000000000000000000009 /* ProviderUsageResult.swift */ = {isa = PBXFileReference; lastKnownFileType = sourcecode.swift; path = ProviderUsageResult.swift; sourceTree = "<group>"; };
		20000000000000000000000A /* ProviderAccountConfiguration.swift */ = {isa = PBXFileReference; lastKnownFileType = sourcecode.swift; path = ProviderAccountConfiguration.swift; sourceTree = "<group>"; };
		20000000000000000000000B /* AutoRefreshInterval.swift */ = {isa = PBXFileReference; lastKnownFileType = sourcecode.swift; path = AutoRefreshInterval.swift; sourceTree = "<group>"; };
		20000000000000000000000C /* AppAppearance.swift */ = {isa = PBXFileReference; lastKnownFileType = sourcecode.swift; path = AppAppearance.swift; sourceTree = "<group>"; };
		20000000000000000000000D /* UserFacingDateTimeFormatter.swift */ = {isa = PBXFileReference; lastKnownFileType = sourcecode.swift; path = UserFacingDateTimeFormatter.swift; sourceTree = "<group>"; };
		20000000000000000000000E /* UsageProvider.swift */ = {isa = PBXFileReference; lastKnownFileType = sourcecode.swift; path = UsageProvider.swift; sourceTree = "<group>"; };
		20000000000000000000000F /* DemoUsageProvider.swift */ = {isa = PBXFileReference; lastKnownFileType = sourcecode.swift; path = DemoUsageProvider.swift; sourceTree = "<group>"; };
		200000000000000000000010 /* UsageRefreshService.swift */ = {isa = PBXFileReference; lastKnownFileType = sourcecode.swift; path = UsageRefreshService.swift; sourceTree = "<group>"; };
		200000000000000000000011 /* ProviderConfigurationStore.swift */ = {isa = PBXFileReference; lastKnownFileType = sourcecode.swift; path = ProviderConfigurationStore.swift; sourceTree = "<group>"; };
		200000000000000000000012 /* SecretStore.swift */ = {isa = PBXFileReference; lastKnownFileType = sourcecode.swift; path = SecretStore.swift; sourceTree = "<group>"; };
		200000000000000000000013 /* AppModel.swift */ = {isa = PBXFileReference; lastKnownFileType = sourcecode.swift; path = AppModel.swift; sourceTree = "<group>"; };
		200000000000000000000014 /* MenuBarStatusLabel.swift */ = {isa = PBXFileReference; lastKnownFileType = sourcecode.swift; path = MenuBarStatusLabel.swift; sourceTree = "<group>"; };
		200000000000000000000015 /* ProviderUsageCard.swift */ = {isa = PBXFileReference; lastKnownFileType = sourcecode.swift; path = ProviderUsageCard.swift; sourceTree = "<group>"; };
		200000000000000000000017 /* MenuBarLabelContainer.swift */ = {isa = PBXFileReference; lastKnownFileType = sourcecode.swift; path = MenuBarLabelContainer.swift; sourceTree = "<group>"; };
		200000000000000000000018 /* LaunchAtLoginManager.swift */ = {isa = PBXFileReference; lastKnownFileType = sourcecode.swift; path = LaunchAtLoginManager.swift; sourceTree = "<group>"; };
		200000000000000000000019 /* SettingsView.swift */ = {isa = PBXFileReference; lastKnownFileType = sourcecode.swift; path = SettingsView.swift; sourceTree = "<group>"; };
		20000000000000000000001A /* ProviderSettingsView.swift */ = {isa = PBXFileReference; lastKnownFileType = sourcecode.swift; path = ProviderSettingsView.swift; sourceTree = "<group>"; };
		20000000000000000000001B /* KeychainService.swift */ = {isa = PBXFileReference; lastKnownFileType = sourcecode.swift; path = KeychainService.swift; sourceTree = "<group>"; };
		20000000000000000000001C /* CodexCredentials.swift */ = {isa = PBXFileReference; lastKnownFileType = sourcecode.swift; path = CodexCredentials.swift; sourceTree = "<group>"; };
		20000000000000000000001D /* CodexCredentialsParser.swift */ = {isa = PBXFileReference; lastKnownFileType = sourcecode.swift; path = CodexCredentialsParser.swift; sourceTree = "<group>"; };
		20000000000000000000001E /* ClaudeCredentials.swift */ = {isa = PBXFileReference; lastKnownFileType = sourcecode.swift; path = ClaudeCredentials.swift; sourceTree = "<group>"; };
		20000000000000000000001F /* ClaudeCredentialsParser.swift */ = {isa = PBXFileReference; lastKnownFileType = sourcecode.swift; path = ClaudeCredentialsParser.swift; sourceTree = "<group>"; };
		200000000000000000000020 /* LocalCredentialDiscovery.swift */ = {isa = PBXFileReference; lastKnownFileType = sourcecode.swift; path = LocalCredentialDiscovery.swift; sourceTree = "<group>"; };
		200000000000000000000021 /* CredentialReadiness.swift */ = {isa = PBXFileReference; lastKnownFileType = sourcecode.swift; path = CredentialReadiness.swift; sourceTree = "<group>"; };
		200000000000000000000022 /* CodexAuthFileStore.swift */ = {isa = PBXFileReference; lastKnownFileType = sourcecode.swift; path = CodexAuthFileStore.swift; sourceTree = "<group>"; };
		200000000000000000000023 /* CredentialRefreshCoordinator.swift */ = {isa = PBXFileReference; lastKnownFileType = sourcecode.swift; path = CredentialRefreshCoordinator.swift; sourceTree = "<group>"; };
		200000000000000000000024 /* CodexTokenRefresh.swift */ = {isa = PBXFileReference; lastKnownFileType = sourcecode.swift; path = CodexTokenRefresh.swift; sourceTree = "<group>"; };
		200000000000000000000025 /* CodexUsageParser.swift */ = {isa = PBXFileReference; lastKnownFileType = sourcecode.swift; path = CodexUsageParser.swift; sourceTree = "<group>"; };
		200000000000000000000026 /* CodexUsageProvider.swift */ = {isa = PBXFileReference; lastKnownFileType = sourcecode.swift; path = CodexUsageProvider.swift; sourceTree = "<group>"; };
		200000000000000000000029 /* ClaudeUsageParser.swift */ = {isa = PBXFileReference; lastKnownFileType = sourcecode.swift; path = ClaudeUsageParser.swift; sourceTree = "<group>"; };
		20000000000000000000002A /* ClaudeUsageProvider.swift */ = {isa = PBXFileReference; lastKnownFileType = sourcecode.swift; path = ClaudeUsageProvider.swift; sourceTree = "<group>"; };
		20000000000000000000002B /* ClaudeCredentialStore.swift */ = {isa = PBXFileReference; lastKnownFileType = sourcecode.swift; path = ClaudeCredentialStore.swift; sourceTree = "<group>"; };
		20000000000000000000002C /* CopilotCredentials.swift */ = {isa = PBXFileReference; lastKnownFileType = sourcecode.swift; path = CopilotCredentials.swift; sourceTree = "<group>"; };
		20000000000000000000002D /* CopilotCredentialsParser.swift */ = {isa = PBXFileReference; lastKnownFileType = sourcecode.swift; path = CopilotCredentialsParser.swift; sourceTree = "<group>"; };
		20000000000000000000002E /* CopilotUsageParser.swift */ = {isa = PBXFileReference; lastKnownFileType = sourcecode.swift; path = CopilotUsageParser.swift; sourceTree = "<group>"; };
		20000000000000000000002F /* CopilotUsageProvider.swift */ = {isa = PBXFileReference; lastKnownFileType = sourcecode.swift; path = CopilotUsageProvider.swift; sourceTree = "<group>"; };
		200000000000000000000030 /* OpenRouterUsageProvider.swift */ = {isa = PBXFileReference; lastKnownFileType = sourcecode.swift; path = OpenRouterUsageProvider.swift; sourceTree = "<group>"; };
		200000000000000000000031 /* CursorUsageProvider.swift */ = {isa = PBXFileReference; lastKnownFileType = sourcecode.swift; path = CursorUsageProvider.swift; sourceTree = "<group>"; };
		200000000000000000000032 /* CursorWebAuthService.swift */ = {isa = PBXFileReference; lastKnownFileType = sourcecode.swift; path = CursorWebAuthService.swift; sourceTree = "<group>"; };
		200000000000000000000033 /* CursorCredentialsParser.swift */ = {isa = PBXFileReference; lastKnownFileType = sourcecode.swift; path = CursorCredentialsParser.swift; sourceTree = "<group>"; };
		200000000000000000000034 /* OpenCodeZenUsageProvider.swift */ = {isa = PBXFileReference; lastKnownFileType = sourcecode.swift; path = OpenCodeZenUsageProvider.swift; sourceTree = "<group>"; };
		200000000000000000000035 /* OpenCodeZenBootstrapImporter.swift */ = {isa = PBXFileReference; lastKnownFileType = sourcecode.swift; path = OpenCodeZenBootstrapImporter.swift; sourceTree = "<group>"; };
		200000000000000000000036 /* UsageAlertSettings.swift */ = {isa = PBXFileReference; lastKnownFileType = sourcecode.swift; path = UsageAlertSettings.swift; sourceTree = "<group>"; };
		200000000000000000000037 /* UsageAlertEvaluator.swift */ = {isa = PBXFileReference; lastKnownFileType = sourcecode.swift; path = UsageAlertEvaluator.swift; sourceTree = "<group>"; };
		200000000000000000000038 /* LocalUsageAlertNotifier.swift */ = {isa = PBXFileReference; lastKnownFileType = sourcecode.swift; path = LocalUsageAlertNotifier.swift; sourceTree = "<group>"; };
		200000000000000000000039 /* GeminiCredentials.swift */ = {isa = PBXFileReference; lastKnownFileType = sourcecode.swift; path = GeminiCredentials.swift; sourceTree = "<group>"; };
		20000000000000000000003A /* GeminiCredentialsParser.swift */ = {isa = PBXFileReference; lastKnownFileType = sourcecode.swift; path = GeminiCredentialsParser.swift; sourceTree = "<group>"; };
		20000000000000000000003B /* GeminiAuthFileStore.swift */ = {isa = PBXFileReference; lastKnownFileType = sourcecode.swift; path = GeminiAuthFileStore.swift; sourceTree = "<group>"; };
		20000000000000000000003C /* GeminiTokenRefresh.swift */ = {isa = PBXFileReference; lastKnownFileType = sourcecode.swift; path = GeminiTokenRefresh.swift; sourceTree = "<group>"; };
		20000000000000000000003D /* GeminiUsageParser.swift */ = {isa = PBXFileReference; lastKnownFileType = sourcecode.swift; path = GeminiUsageParser.swift; sourceTree = "<group>"; };
		20000000000000000000003E /* GeminiUsageProvider.swift */ = {isa = PBXFileReference; lastKnownFileType = sourcecode.swift; path = GeminiUsageProvider.swift; sourceTree = "<group>"; };
		20000000000000000000003F /* GeminiCLISettings.swift */ = {isa = PBXFileReference; lastKnownFileType = sourcecode.swift; path = GeminiCLISettings.swift; sourceTree = "<group>"; };
		200000000000000000000040 /* UsageHistoryStore.swift */ = {isa = PBXFileReference; lastKnownFileType = sourcecode.swift; path = UsageHistoryStore.swift; sourceTree = "<group>"; };
		200000000000000000000041 /* MoonshotUsageProvider.swift */ = {isa = PBXFileReference; lastKnownFileType = sourcecode.swift; path = MoonshotUsageProvider.swift; sourceTree = "<group>"; };
		200000000000000000000042 /* CredentialNormalizer.swift */ = {isa = PBXFileReference; lastKnownFileType = sourcecode.swift; path = CredentialNormalizer.swift; sourceTree = "<group>"; };
		200000000000000000000043 /* ProviderWebAuthSupport.swift */ = {isa = PBXFileReference; lastKnownFileType = sourcecode.swift; path = ProviderWebAuthSupport.swift; sourceTree = "<group>"; };
		200000000000000000000044 /* CodexWebAuthService.swift */ = {isa = PBXFileReference; lastKnownFileType = sourcecode.swift; path = CodexWebAuthService.swift; sourceTree = "<group>"; };
		200000000000000000000045 /* ClaudeWebAuthService.swift */ = {isa = PBXFileReference; lastKnownFileType = sourcecode.swift; path = ClaudeWebAuthService.swift; sourceTree = "<group>"; };
		200000000000000000000046 /* DashboardOrderingMode.swift */ = {isa = PBXFileReference; lastKnownFileType = sourcecode.swift; path = DashboardOrderingMode.swift; sourceTree = "<group>"; };
		200000000000000000000047 /* DashboardUsageSorter.swift */ = {isa = PBXFileReference; lastKnownFileType = sourcecode.swift; path = DashboardUsageSorter.swift; sourceTree = "<group>"; };
		200000000000000000000048 /* CopilotWebAuthService.swift */ = {isa = PBXFileReference; lastKnownFileType = sourcecode.swift; path = CopilotWebAuthService.swift; sourceTree = "<group>"; };
		200000000000000000000049 /* CheckForUpdatesButton.swift */ = {isa = PBXFileReference; lastKnownFileType = sourcecode.swift; path = CheckForUpdatesButton.swift; sourceTree = "<group>"; };
		200000000000000000000027 /* CodexBarMacTests.xctest */ = {isa = PBXFileReference; explicitFileType = wrapper.cfbundle; includeInIndex = 0; path = CodexBarMacTests.xctest; sourceTree = BUILT_PRODUCTS_DIR; };
		200000000000000000000028 /* CodexBarMacTests.swift */ = {isa = PBXFileReference; lastKnownFileType = sourcecode.swift; path = CodexBarMacTests.swift; sourceTree = "<group>"; };
/* End PBXFileReference section */

/* Begin PBXContainerItemProxy section */
		C00000000000000000000001 /* PBXContainerItemProxy */ = {
			isa = PBXContainerItemProxy;
			containerPortal = 400000000000000000000001 /* Project object */;
			proxyType = 1;
			remoteGlobalIDString = 500000000000000000000001;
			remoteInfo = CodexBarMac;
		};
/* End PBXContainerItemProxy section */

/* Begin PBXFrameworksBuildPhase section */
		600000000000000000000001 /* Frameworks */ = {
			isa = PBXFrameworksBuildPhase;
			buildActionMask = 2147483647;
			files = (
				100000000000000000000048 /* Sparkle in Frameworks */,
			);
			runOnlyForDeploymentPostprocessing = 0;
		};
		600000000000000000000002 /* Frameworks */ = {
			isa = PBXFrameworksBuildPhase;
			buildActionMask = 2147483647;
			files = (
			);
			runOnlyForDeploymentPostprocessing = 0;
		};
/* End PBXFrameworksBuildPhase section */

/* Begin PBXGroup section */
		700000000000000000000001 = {
			isa = PBXGroup;
			children = (
				700000000000000000000002 /* CodexBarMac */,
				700000000000000000000009 /* CodexBarMacTests */,
				700000000000000000000003 /* Products */,
			);
			sourceTree = "<group>";
		};
		700000000000000000000002 /* CodexBarMac */ = {
			isa = PBXGroup;
			children = (
				200000000000000000000001 /* CodexBarMacApp.swift */,
				200000000000000000000013 /* AppModel.swift */,
				200000000000000000000002 /* PopoverView.swift */,
				700000000000000000000008 /* Views */,
				700000000000000000000005 /* Models */,
				700000000000000000000006 /* Shared */,
				700000000000000000000007 /* Services */,
				200000000000000000000004 /* Info.plist */,
				700000000000000000000004 /* Resources */,
			);
			path = CodexBarMac;
			sourceTree = "<group>";
		};
		700000000000000000000003 /* Products */ = {
			isa = PBXGroup;
			children = (
				200000000000000000000005 /* CodexBarMac.app */,
				200000000000000000000027 /* CodexBarMacTests.xctest */,
			);
			name = Products;
			sourceTree = "<group>";
		};
		700000000000000000000004 /* Resources */ = {
			isa = PBXGroup;
			children = (
				200000000000000000000003 /* Assets.xcassets */,
			);
			path = Resources;
			sourceTree = "<group>";
		};
		700000000000000000000005 /* Models */ = {
			isa = PBXGroup;
			children = (
				200000000000000000000006 /* ProviderID.swift */,
				200000000000000000000007 /* UsageSeverity.swift */,
				200000000000000000000008 /* UsageBar.swift */,
				200000000000000000000009 /* ProviderUsageResult.swift */,
				20000000000000000000000A /* ProviderAccountConfiguration.swift */,
				20000000000000000000000B /* AutoRefreshInterval.swift */,
				200000000000000000000046 /* DashboardOrderingMode.swift */,
				20000000000000000000000C /* AppAppearance.swift */,
				20000000000000000000001C /* CodexCredentials.swift */,
				20000000000000000000001E /* ClaudeCredentials.swift */,
				20000000000000000000002C /* CopilotCredentials.swift */,
				200000000000000000000039 /* GeminiCredentials.swift */,
				200000000000000000000021 /* CredentialReadiness.swift */,
				200000000000000000000036 /* UsageAlertSettings.swift */,
			);
			path = Models;
			sourceTree = "<group>";
		};
		700000000000000000000006 /* Shared */ = {
			isa = PBXGroup;
			children = (
				20000000000000000000000D /* UserFacingDateTimeFormatter.swift */,
			);
			path = Shared;
			sourceTree = "<group>";
		};
		700000000000000000000007 /* Services */ = {
			isa = PBXGroup;
			children = (
				20000000000000000000000E /* UsageProvider.swift */,
				20000000000000000000000F /* DemoUsageProvider.swift */,
				200000000000000000000010 /* UsageRefreshService.swift */,
				200000000000000000000047 /* DashboardUsageSorter.swift */,
				200000000000000000000011 /* ProviderConfigurationStore.swift */,
				200000000000000000000012 /* SecretStore.swift */,
				20000000000000000000001B /* KeychainService.swift */,
				20000000000000000000001D /* CodexCredentialsParser.swift */,
				20000000000000000000001F /* ClaudeCredentialsParser.swift */,
				200000000000000000000020 /* LocalCredentialDiscovery.swift */,
				200000000000000000000022 /* CodexAuthFileStore.swift */,
				200000000000000000000023 /* CredentialRefreshCoordinator.swift */,
				200000000000000000000024 /* CodexTokenRefresh.swift */,
				200000000000000000000043 /* ProviderWebAuthSupport.swift */,
				200000000000000000000044 /* CodexWebAuthService.swift */,
				200000000000000000000025 /* CodexUsageParser.swift */,
				200000000000000000000026 /* CodexUsageProvider.swift */,
				200000000000000000000029 /* ClaudeUsageParser.swift */,
				20000000000000000000002A /* ClaudeUsageProvider.swift */,
				20000000000000000000002B /* ClaudeCredentialStore.swift */,
				200000000000000000000045 /* ClaudeWebAuthService.swift */,
				20000000000000000000002D /* CopilotCredentialsParser.swift */,
				20000000000000000000002E /* CopilotUsageParser.swift */,
				20000000000000000000002F /* CopilotUsageProvider.swift */,
				200000000000000000000048 /* CopilotWebAuthService.swift */,
				200000000000000000000030 /* OpenRouterUsageProvider.swift */,
				200000000000000000000031 /* CursorUsageProvider.swift */,
				200000000000000000000032 /* CursorWebAuthService.swift */,
				200000000000000000000033 /* CursorCredentialsParser.swift */,
				200000000000000000000034 /* OpenCodeZenUsageProvider.swift */,
				200000000000000000000035 /* OpenCodeZenBootstrapImporter.swift */,
				200000000000000000000041 /* MoonshotUsageProvider.swift */,
				200000000000000000000042 /* CredentialNormalizer.swift */,
				200000000000000000000037 /* UsageAlertEvaluator.swift */,
				200000000000000000000038 /* LocalUsageAlertNotifier.swift */,
				20000000000000000000003A /* GeminiCredentialsParser.swift */,
				20000000000000000000003B /* GeminiAuthFileStore.swift */,
				20000000000000000000003C /* GeminiTokenRefresh.swift */,
				20000000000000000000003D /* GeminiUsageParser.swift */,
				20000000000000000000003E /* GeminiUsageProvider.swift */,
				20000000000000000000003F /* GeminiCLISettings.swift */,
				200000000000000000000040 /* UsageHistoryStore.swift */,
				200000000000000000000018 /* LaunchAtLoginManager.swift */,
			);
			path = Services;
			sourceTree = "<group>";
		};
		700000000000000000000008 /* Views */ = {
			isa = PBXGroup;
			children = (
				200000000000000000000014 /* MenuBarStatusLabel.swift */,
				200000000000000000000017 /* MenuBarLabelContainer.swift */,
				200000000000000000000015 /* ProviderUsageCard.swift */,
				200000000000000000000019 /* SettingsView.swift */,
				20000000000000000000001A /* ProviderSettingsView.swift */,
				200000000000000000000049 /* CheckForUpdatesButton.swift */,
			);
			path = Views;
			sourceTree = "<group>";
		};
		700000000000000000000009 /* CodexBarMacTests */ = {
			isa = PBXGroup;
			children = (
				200000000000000000000028 /* CodexBarMacTests.swift */,
			);
			path = CodexBarMacTests;
			sourceTree = "<group>";
		};
/* End PBXGroup section */

/* Begin PBXNativeTarget section */
		500000000000000000000001 /* CodexBarMac */ = {
			isa = PBXNativeTarget;
			buildConfigurationList = 800000000000000000000003 /* Build configuration list for PBXNativeTarget "CodexBarMac" */;
			buildPhases = (
				900000000000000000000001 /* Sources */,
				600000000000000000000001 /* Frameworks */,
				900000000000000000000002 /* Resources */,
			);
			buildRules = (
			);
			dependencies = (
			);
			name = CodexBarMac;
			packageProductDependencies = (
				E00000000000000000000001 /* Sparkle */,
			);
			productName = CodexBarMac;
			productReference = 200000000000000000000005 /* CodexBarMac.app */;
			productType = "com.apple.product-type.application";
		};
		500000000000000000000002 /* CodexBarMacTests */ = {
			isa = PBXNativeTarget;
			buildConfigurationList = 800000000000000000000004 /* Build configuration list for PBXNativeTarget "CodexBarMacTests" */;
			buildPhases = (
				900000000000000000000003 /* Sources */,
				600000000000000000000002 /* Frameworks */,
			);
			buildRules = (
			);
			dependencies = (
				D00000000000000000000001 /* PBXTargetDependency */,
			);
			name = CodexBarMacTests;
			productName = CodexBarMacTests;
			productReference = 200000000000000000000027 /* CodexBarMacTests.xctest */;
			productType = "com.apple.product-type.bundle.unit-test";
		};
/* End PBXNativeTarget section */

/* Begin PBXProject section */
		400000000000000000000001 /* Project object */ = {
			isa = PBXProject;
			attributes = {
				BuildIndependentTargetsInParallel = 1;
				LastSwiftUpdateCheck = 1600;
				LastUpgradeCheck = 1600;
				TargetAttributes = {
					500000000000000000000001 = {
						CreatedOnToolsVersion = 16.0;
					};
					500000000000000000000002 = {
						CreatedOnToolsVersion = 16.0;
						TestTargetID = 500000000000000000000001;
					};
				};
			};
			buildConfigurationList = 800000000000000000000001 /* Build configuration list for PBXProject "CodexBarMac" */;
			compatibilityVersion = "Xcode 14.0";
			developmentRegion = en;
			hasScannedForEncodings = 0;
			knownRegions = (
				en,
				Base,
			);
			mainGroup = 700000000000000000000001;
			packageReferences = (
				F00000000000000000000001 /* XCRemoteSwiftPackageReference "Sparkle" */,
			);
			productRefGroup = 700000000000000000000003 /* Products */;
			projectDirPath = "";
			projectRoot = "";
			targets = (
				500000000000000000000001 /* CodexBarMac */,
				500000000000000000000002 /* CodexBarMacTests */,
			);
		};
/* End PBXProject section */

/* Begin PBXResourcesBuildPhase section */
		900000000000000000000002 /* Resources */ = {
			isa = PBXResourcesBuildPhase;
			buildActionMask = 2147483647;
			files = (
				100000000000000000000003 /* Assets.xcassets in Resources */,
			);
			runOnlyForDeploymentPostprocessing = 0;
		};
/* End PBXResourcesBuildPhase section */

/* Begin PBXSourcesBuildPhase section */
		900000000000000000000003 /* Sources */ = {
			isa = PBXSourcesBuildPhase;
			buildActionMask = 2147483647;
			files = (
				100000000000000000000025 /* CodexBarMacTests.swift in Sources */,
			);
			runOnlyForDeploymentPostprocessing = 0;
		};
/* End PBXSourcesBuildPhase section */

/* Begin PBXTargetDependency section */
		D00000000000000000000001 /* PBXTargetDependency */ = {
			isa = PBXTargetDependency;
			target = 500000000000000000000001 /* CodexBarMac */;
			targetProxy = C00000000000000000000001 /* PBXContainerItemProxy */;
		};
/* End PBXTargetDependency section */

/* Begin PBXSourcesBuildPhase section */
		900000000000000000000001 /* Sources */ = {
			isa = PBXSourcesBuildPhase;
			buildActionMask = 2147483647;
			files = (
				100000000000000000000001 /* CodexBarMacApp.swift in Sources */,
				100000000000000000000002 /* PopoverView.swift in Sources */,
				100000000000000000000004 /* ProviderID.swift in Sources */,
				100000000000000000000005 /* UsageSeverity.swift in Sources */,
				100000000000000000000006 /* UsageBar.swift in Sources */,
				100000000000000000000007 /* ProviderUsageResult.swift in Sources */,
				100000000000000000000008 /* ProviderAccountConfiguration.swift in Sources */,
				100000000000000000000009 /* AutoRefreshInterval.swift in Sources */,
				100000000000000000000044 /* DashboardOrderingMode.swift in Sources */,
				10000000000000000000000A /* AppAppearance.swift in Sources */,
				10000000000000000000000B /* UserFacingDateTimeFormatter.swift in Sources */,
				10000000000000000000000C /* UsageProvider.swift in Sources */,
				10000000000000000000000D /* DemoUsageProvider.swift in Sources */,
				10000000000000000000000E /* UsageRefreshService.swift in Sources */,
				100000000000000000000045 /* DashboardUsageSorter.swift in Sources */,
				10000000000000000000000F /* ProviderConfigurationStore.swift in Sources */,
				100000000000000000000010 /* SecretStore.swift in Sources */,
				100000000000000000000011 /* AppModel.swift in Sources */,
				100000000000000000000012 /* MenuBarStatusLabel.swift in Sources */,
				100000000000000000000013 /* ProviderUsageCard.swift in Sources */,
				100000000000000000000015 /* MenuBarLabelContainer.swift in Sources */,
				100000000000000000000016 /* LaunchAtLoginManager.swift in Sources */,
				100000000000000000000017 /* SettingsView.swift in Sources */,
				100000000000000000000018 /* ProviderSettingsView.swift in Sources */,
				100000000000000000000019 /* KeychainService.swift in Sources */,
				10000000000000000000001A /* CodexCredentials.swift in Sources */,
				10000000000000000000001B /* CodexCredentialsParser.swift in Sources */,
				10000000000000000000001C /* ClaudeCredentials.swift in Sources */,
				10000000000000000000001D /* ClaudeCredentialsParser.swift in Sources */,
				10000000000000000000001E /* LocalCredentialDiscovery.swift in Sources */,
				10000000000000000000001F /* CredentialReadiness.swift in Sources */,
				100000000000000000000020 /* CodexAuthFileStore.swift in Sources */,
				100000000000000000000021 /* CredentialRefreshCoordinator.swift in Sources */,
				100000000000000000000022 /* CodexTokenRefresh.swift in Sources */,
				100000000000000000000023 /* CodexUsageParser.swift in Sources */,
				100000000000000000000024 /* CodexUsageProvider.swift in Sources */,
				100000000000000000000027 /* ClaudeUsageParser.swift in Sources */,
				100000000000000000000028 /* ClaudeUsageProvider.swift in Sources */,
				100000000000000000000029 /* ClaudeCredentialStore.swift in Sources */,
				10000000000000000000002A /* CopilotCredentials.swift in Sources */,
				10000000000000000000002B /* CopilotCredentialsParser.swift in Sources */,
				10000000000000000000002C /* CopilotUsageParser.swift in Sources */,
				10000000000000000000002D /* CopilotUsageProvider.swift in Sources */,
				10000000000000000000002E /* OpenRouterUsageProvider.swift in Sources */,
				10000000000000000000002F /* CursorUsageProvider.swift in Sources */,
				100000000000000000000030 /* CursorWebAuthService.swift in Sources */,
				100000000000000000000031 /* CursorCredentialsParser.swift in Sources */,
				100000000000000000000032 /* OpenCodeZenUsageProvider.swift in Sources */,
				100000000000000000000033 /* OpenCodeZenBootstrapImporter.swift in Sources */,
				100000000000000000000034 /* UsageAlertSettings.swift in Sources */,
				100000000000000000000035 /* UsageAlertEvaluator.swift in Sources */,
				100000000000000000000036 /* LocalUsageAlertNotifier.swift in Sources */,
				100000000000000000000037 /* GeminiCredentials.swift in Sources */,
				100000000000000000000038 /* GeminiCredentialsParser.swift in Sources */,
				100000000000000000000039 /* GeminiAuthFileStore.swift in Sources */,
				10000000000000000000003A /* GeminiTokenRefresh.swift in Sources */,
				10000000000000000000003B /* GeminiUsageParser.swift in Sources */,
				10000000000000000000003C /* GeminiUsageProvider.swift in Sources */,
				10000000000000000000003D /* GeminiCLISettings.swift in Sources */,
				10000000000000000000003E /* UsageHistoryStore.swift in Sources */,
				10000000000000000000003F /* MoonshotUsageProvider.swift in Sources */,
				100000000000000000000040 /* CredentialNormalizer.swift in Sources */,
				100000000000000000000041 /* ProviderWebAuthSupport.swift in Sources */,
				100000000000000000000042 /* CodexWebAuthService.swift in Sources */,
				100000000000000000000043 /* ClaudeWebAuthService.swift in Sources */,
				100000000000000000000046 /* CopilotWebAuthService.swift in Sources */,
				100000000000000000000047 /* CheckForUpdatesButton.swift in Sources */,
			);
			runOnlyForDeploymentPostprocessing = 0;
		};
/* End PBXSourcesBuildPhase section */

/* Begin XCBuildConfiguration section */
		A00000000000000000000001 /* Debug */ = {
			isa = XCBuildConfiguration;
			buildSettings = {
				ALWAYS_SEARCH_USER_PATHS = NO;
				ASSETCATALOG_COMPILER_GENERATE_SWIFT_ASSET_SYMBOL_EXTENSIONS = YES;
				CLANG_ANALYZER_NONNULL = YES;
				CLANG_ANALYZER_NUMBER_OBJECT_CONVERSION = YES_AGGRESSIVE;
				CLANG_CXX_LANGUAGE_STANDARD = "gnu++20";
				CLANG_ENABLE_MODULES = YES;
				CLANG_ENABLE_OBJC_ARC = YES;
				CLANG_ENABLE_OBJC_WEAK = YES;
				CLANG_WARN_BLOCK_CAPTURE_AUTORELEASING = YES;
				CLANG_WARN_BOOL_CONVERSION = YES;
				CLANG_WARN_COMMA = YES;
				CLANG_WARN_CONSTANT_CONVERSION = YES;
				CLANG_WARN_DEPRECATED_OBJC_IMPLEMENTATIONS = YES;
				CLANG_WARN_DIRECT_OBJC_ISA_USAGE = YES_ERROR;
				CLANG_WARN_DOCUMENTATION_COMMENTS = YES;
				CLANG_WARN_EMPTY_BODY = YES;
				CLANG_WARN_ENUM_CONVERSION = YES;
				CLANG_WARN_INFINITE_RECURSION = YES;
				CLANG_WARN_INT_CONVERSION = YES;
				CLANG_WARN_NON_LITERAL_NULL_CONVERSION = YES;
				CLANG_WARN_OBJC_IMPLICIT_RETAIN_SELF = YES;
				CLANG_WARN_OBJC_LITERAL_CONVERSION = YES;
				CLANG_WARN_OBJC_ROOT_CLASS = YES_ERROR;
				CLANG_WARN_QUOTED_INCLUDE_IN_FRAMEWORK_HEADER = YES;
				CLANG_WARN_RANGE_LOOP_ANALYSIS = YES;
				CLANG_WARN_STRICT_PROTOTYPES = YES;
				CLANG_WARN_SUSPICIOUS_MOVE = YES;
				CLANG_WARN_UNGUARDED_AVAILABILITY = YES_AGGRESSIVE;
				CLANG_WARN_UNREACHABLE_CODE = YES;
				CLANG_WARN__DUPLICATE_METHOD_MATCH = YES;
				COPY_PHASE_STRIP = NO;
				DEBUG_INFORMATION_FORMAT = dwarf;
				ENABLE_STRICT_OBJC_MSGSEND = YES;
				ENABLE_TESTABILITY = YES;
				ENABLE_USER_SCRIPT_SANDBOXING = YES;
				GCC_C_LANGUAGE_STANDARD = gnu17;
				GCC_DYNAMIC_NO_PIC = NO;
				GCC_NO_COMMON_BLOCKS = YES;
				GCC_OPTIMIZATION_LEVEL = 0;
				GCC_PREPROCESSOR_DEFINITIONS = (
					"DEBUG=1",
					"$(inherited)",
				);
				GCC_WARN_64_TO_32_BIT_CONVERSION = YES;
				GCC_WARN_ABOUT_RETURN_TYPE = YES_ERROR;
				GCC_WARN_UNDECLARED_SELECTOR = YES;
				GCC_WARN_UNINITIALIZED_AUTOS = YES_AGGRESSIVE;
				GCC_WARN_UNUSED_FUNCTION = YES;
				GCC_WARN_UNUSED_VARIABLE = YES;
				LOCALIZATION_PREFERS_STRING_CATALOGS = YES;
				MACOSX_DEPLOYMENT_TARGET = 14.0;
				MTL_ENABLE_DEBUG_INFO = INCLUDE_SOURCE;
				MTL_FAST_MATH = YES;
				ONLY_ACTIVE_ARCH = YES;
				SDKROOT = macosx;
				SWIFT_ACTIVE_COMPILATION_CONDITIONS = "DEBUG $(inherited)";
				SWIFT_OPTIMIZATION_LEVEL = "-Onone";
			};
			name = Debug;
		};
		A00000000000000000000002 /* Release */ = {
			isa = XCBuildConfiguration;
			buildSettings = {
				ALWAYS_SEARCH_USER_PATHS = NO;
				ASSETCATALOG_COMPILER_GENERATE_SWIFT_ASSET_SYMBOL_EXTENSIONS = YES;
				CLANG_ANALYZER_NONNULL = YES;
				CLANG_ANALYZER_NUMBER_OBJECT_CONVERSION = YES_AGGRESSIVE;
				CLANG_CXX_LANGUAGE_STANDARD = "gnu++20";
				CLANG_ENABLE_MODULES = YES;
				CLANG_ENABLE_OBJC_ARC = YES;
				CLANG_ENABLE_OBJC_WEAK = YES;
				CLANG_WARN_BLOCK_CAPTURE_AUTORELEASING = YES;
				CLANG_WARN_BOOL_CONVERSION = YES;
				CLANG_WARN_COMMA = YES;
				CLANG_WARN_CONSTANT_CONVERSION = YES;
				CLANG_WARN_DEPRECATED_OBJC_IMPLEMENTATIONS = YES;
				CLANG_WARN_DIRECT_OBJC_ISA_USAGE = YES_ERROR;
				CLANG_WARN_DOCUMENTATION_COMMENTS = YES;
				CLANG_WARN_EMPTY_BODY = YES;
				CLANG_WARN_ENUM_CONVERSION = YES;
				CLANG_WARN_INFINITE_RECURSION = YES;
				CLANG_WARN_INT_CONVERSION = YES;
				CLANG_WARN_NON_LITERAL_NULL_CONVERSION = YES;
				CLANG_WARN_OBJC_IMPLICIT_RETAIN_SELF = YES;
				CLANG_WARN_OBJC_LITERAL_CONVERSION = YES;
				CLANG_WARN_OBJC_ROOT_CLASS = YES_ERROR;
				CLANG_WARN_QUOTED_INCLUDE_IN_FRAMEWORK_HEADER = YES;
				CLANG_WARN_RANGE_LOOP_ANALYSIS = YES;
				CLANG_WARN_STRICT_PROTOTYPES = YES;
				CLANG_WARN_SUSPICIOUS_MOVE = YES;
				CLANG_WARN_UNGUARDED_AVAILABILITY = YES_AGGRESSIVE;
				CLANG_WARN_UNREACHABLE_CODE = YES;
				CLANG_WARN__DUPLICATE_METHOD_MATCH = YES;
				COPY_PHASE_STRIP = NO;
				DEBUG_INFORMATION_FORMAT = "dwarf-with-dsym";
				ENABLE_NS_ASSERTIONS = NO;
				ENABLE_STRICT_OBJC_MSGSEND = YES;
				ENABLE_USER_SCRIPT_SANDBOXING = YES;
				GCC_C_LANGUAGE_STANDARD = gnu17;
				GCC_NO_COMMON_BLOCKS = YES;
				GCC_WARN_64_TO_32_BIT_CONVERSION = YES;
				GCC_WARN_ABOUT_RETURN_TYPE = YES_ERROR;
				GCC_WARN_UNDECLARED_SELECTOR = YES;
				GCC_WARN_UNINITIALIZED_AUTOS = YES_AGGRESSIVE;
				GCC_WARN_UNUSED_FUNCTION = YES;
				GCC_WARN_UNUSED_VARIABLE = YES;
				LOCALIZATION_PREFERS_STRING_CATALOGS = YES;
				MACOSX_DEPLOYMENT_TARGET = 14.0;
				MTL_ENABLE_DEBUG_INFO = NO;
				MTL_FAST_MATH = YES;
				SDKROOT = macosx;
				SWIFT_COMPILATION_MODE = wholemodule;
			};
			name = Release;
		};
		A00000000000000000000003 /* Debug */ = {
			isa = XCBuildConfiguration;
			buildSettings = {
				ASSETCATALOG_COMPILER_GLOBAL_ACCENT_COLOR_NAME = AccentColor;
				CODE_SIGN_ENTITLEMENTS = CodexBarMac/CodexBarMac.entitlements;
				CODE_SIGN_STYLE = Automatic;
				COMBINE_HIDPI_IMAGES = YES;
				CURRENT_PROJECT_VERSION = 1;
				DEVELOPMENT_TEAM = "";
				ENABLE_HARDENED_RUNTIME = YES;
				ENABLE_TESTABILITY = YES;
				GENERATE_INFOPLIST_FILE = NO;
				INFOPLIST_FILE = CodexBarMac/Info.plist;
				LD_RUNPATH_SEARCH_PATHS = (
					"$(inherited)",
					"@executable_path/../Frameworks",
				);
				MARKETING_VERSION = 1.0;
				PRODUCT_BUNDLE_IDENTIFIER = com.hemsoft.CodexBarMac;
				PRODUCT_NAME = "$(TARGET_NAME)";
				SWIFT_EMIT_LOC_STRINGS = YES;
				SPARKLE_PUBLIC_ED_KEY = "pfIShU4dEXqPd5ObYNfDBiQWcXozk7estwzTnF9BamQ=";
				SWIFT_VERSION = 6.0;
			};
			name = Debug;
		};
		A00000000000000000000004 /* Release */ = {
			isa = XCBuildConfiguration;
			buildSettings = {
				ASSETCATALOG_COMPILER_GLOBAL_ACCENT_COLOR_NAME = AccentColor;
				CODE_SIGN_ENTITLEMENTS = CodexBarMac/CodexBarMac.entitlements;
				CODE_SIGN_STYLE = Automatic;
				COMBINE_HIDPI_IMAGES = YES;
				CURRENT_PROJECT_VERSION = 1;
				DEVELOPMENT_TEAM = W2A23PX5BP;
				ENABLE_HARDENED_RUNTIME = YES;
				GENERATE_INFOPLIST_FILE = NO;
				INFOPLIST_FILE = CodexBarMac/Info.plist;
				LD_RUNPATH_SEARCH_PATHS = (
					"$(inherited)",
					"@executable_path/../Frameworks",
				);
				MARKETING_VERSION = 1.0;
				PRODUCT_BUNDLE_IDENTIFIER = com.hemsoft.CodexBarMac;
				PRODUCT_NAME = "$(TARGET_NAME)";
				SWIFT_EMIT_LOC_STRINGS = YES;
				SPARKLE_PUBLIC_ED_KEY = "";
				SWIFT_VERSION = 6.0;
			};
			name = Release;
		};
		A00000000000000000000005 /* Debug */ = {
			isa = XCBuildConfiguration;
			buildSettings = {
				BUNDLE_LOADER = "$(TEST_HOST)";
				CODE_SIGN_STYLE = Automatic;
				CURRENT_PROJECT_VERSION = 1;
				DEVELOPMENT_TEAM = "";
				GENERATE_INFOPLIST_FILE = YES;
				MACOSX_DEPLOYMENT_TARGET = 14.0;
				MARKETING_VERSION = 1.0;
				PRODUCT_BUNDLE_IDENTIFIER = com.hemsoft.CodexBarMacTests;
				PRODUCT_NAME = "$(TARGET_NAME)";
				SWIFT_VERSION = 6.0;
				TEST_HOST = "$(BUILT_PRODUCTS_DIR)/CodexBarMac.app/Contents/MacOS/CodexBarMac";
			};
			name = Debug;
		};
		A00000000000000000000006 /* Release */ = {
			isa = XCBuildConfiguration;
			buildSettings = {
				BUNDLE_LOADER = "$(TEST_HOST)";
				CODE_SIGN_STYLE = Automatic;
				CURRENT_PROJECT_VERSION = 1;
				DEVELOPMENT_TEAM = "";
				GENERATE_INFOPLIST_FILE = YES;
				MACOSX_DEPLOYMENT_TARGET = 14.0;
				MARKETING_VERSION = 1.0;
				PRODUCT_BUNDLE_IDENTIFIER = com.hemsoft.CodexBarMacTests;
				PRODUCT_NAME = "$(TARGET_NAME)";
				SWIFT_VERSION = 6.0;
				TEST_HOST = "$(BUILT_PRODUCTS_DIR)/CodexBarMac.app/Contents/MacOS/CodexBarMac";
			};
			name = Release;
		};
/* End XCBuildConfiguration section */

/* Begin XCConfigurationList section */
		800000000000000000000001 /* Build configuration list for PBXProject "CodexBarMac" */ = {
			isa = XCConfigurationList;
			buildConfigurations = (
				A00000000000000000000001 /* Debug */,
				A00000000000000000000002 /* Release */,
			);
			defaultConfigurationIsVisible = 0;
			defaultConfigurationName = Release;
		};
		800000000000000000000003 /* Build configuration list for PBXNativeTarget "CodexBarMac" */ = {
			isa = XCConfigurationList;
			buildConfigurations = (
				A00000000000000000000003 /* Debug */,
				A00000000000000000000004 /* Release */,
			);
			defaultConfigurationIsVisible = 0;
			defaultConfigurationName = Release;
		};
		800000000000000000000004 /* Build configuration list for PBXNativeTarget "CodexBarMacTests" */ = {
			isa = XCConfigurationList;
			buildConfigurations = (
				A00000000000000000000005 /* Debug */,
				A00000000000000000000006 /* Release */,
			);
			defaultConfigurationIsVisible = 0;
			defaultConfigurationName = Release;
		};
/* End XCConfigurationList section */

/* Begin XCRemoteSwiftPackageReference section */
		F00000000000000000000001 /* XCRemoteSwiftPackageReference "Sparkle" */ = {
			isa = XCRemoteSwiftPackageReference;
			repositoryURL = "https://github.com/sparkle-project/Sparkle";
			requirement = {
				kind = upToNextMajorVersion;
				minimumVersion = 2.9.4;
			};
		};
/* End XCRemoteSwiftPackageReference section */

/* Begin XCSwiftPackageProductDependency section */
		E00000000000000000000001 /* Sparkle */ = {
			isa = XCSwiftPackageProductDependency;
			package = F00000000000000000000001 /* XCRemoteSwiftPackageReference "Sparkle" */;
			productName = Sparkle;
		};
/* End XCSwiftPackageProductDependency section */
	};
	rootObject = 400000000000000000000001 /* Project object */;
}
